<Solution>
  <Project Path="../samples/Mori.SkyScope.Blazor.Sample/Mori.SkyScope.Blazor.Sample.csproj" />
  <Project Path="../samples/Mori.SkyScope.DemoServer/Mori.SkyScope.DemoServer.csproj" />
  <Project Path="../samples/Mori.SkyScope.Wpf.Sample/Mori.SkyScope.Wpf.Sample.csproj" />
  <Project Path="Mori.SkyScope.Blazor/Mori.SkyScope.Blazor.csproj" />
  <Project Path="Mori.SkyScope.Core.Tests/Mori.SkyScope.Core.Tests.csproj" />
  <Project Path="Mori.SkyScope.Core/Mori.SkyScope.Core.csproj" />
  <Project Path="Mori.SkyScope.Render.OpenTK/Mori.SkyScope.Render.OpenTK.csproj" />
  <Project Path="Mori.SkyScope.Render.Skia/Mori.SkyScope.Render.Skia.csproj" />
  <Project Path="Mori.SkyScope.Sources.Mqtt/Mori.SkyScope.Sources.Mqtt.csproj" />
  <Project Path="Mori.SkyScope.Sources.Ros2/Mori.SkyScope.Sources.Ros2.csproj" />
  <Project Path="Mori.SkyScope.Sources.Template/Mori.SkyScope.Sources.Template.csproj" />
  <Project Path="Mori.SkyScope.Streaming/Mori.SkyScope.Streaming.csproj" />
  <Project Path="Mori.SkyScope.Wpf/Mori.SkyScope.Wpf.csproj" />
</Solution>
